
Microsoft Visual Studio Solution File, Format Version 12.00
# Visual Studio Version 17
VisualStudioVersion = 17.11.35219.272
MinimumVisualStudioVersion = 10.0.40219.1
Project("{FAE04EC0-301F-11D3-BF4B-00C04F79EFBC}") = "ProxyPattern", "ProxyPattern\ProxyPattern.csproj", "{D66F3E61-B3EC-4D18-9ACB-DCCE989244FE}"
EndProject
Global
	GlobalSection(SolutionConfigurationPlatforms) = preSolution
		Debug|Any CPU = Debug|Any CPU
		Release|Any CPU = Release|Any CPU
	EndGlobalSection
	GlobalSection(ProjectConfigurationPlatforms) = postSolution
		{D66F3E61-B3EC-4D18-9ACB-DCCE989244FE}.Debug|Any CPU.ActiveCfg = Debug|Any CPU
		{D66F3E61-B3EC-4D18-9ACB-DCCE989244FE}.Debug|Any CPU.Build.0 = Debug|Any CPU
		{D66F3E61-B3EC-4D18-9ACB-DCCE989244FE}.Release|Any CPU.ActiveCfg = Release|Any CPU
		{D66F3E61-B3EC-4D18-9ACB-DCCE989244FE}.Release|Any CPU.Build.0 = Release|Any CPU
	EndGlobalSection
	GlobalSection(SolutionProperties) = preSolution
		HideSolutionNode = FALSE
	EndGlobalSection
	GlobalSection(ExtensibilityGlobals) = postSolution
		SolutionGuid = {43E02659-784B-4679-996E-C486C70BE432}
	EndGlobalSection
EndGlobal
